// !$*UTF8*$!
{
	archiveVersion = 1;
	classes = {
	};
	objectVersion = 56;
	objects = {

/* Begin PBXBuildFile section */
		CED38A21295185CA003805F0 /* PopupVC.swift in Sources */ = {isa = PBXBuildFile; fileRef = CED38A1F295185CA003805F0 /* PopupVC.swift */; };
		CED38A22295185CA003805F0 /* PopupVC.xib in Resources */ = {isa = PBXBuildFile; fileRef = CED38A20295185CA003805F0 /* PopupVC.xib */; };
		CEE0B63529505E5D00240361 /* AppDelegate.swift in Sources */ = {isa = PBXBuildFile; fileRef = CEE0B63429505E5D00240361 /* AppDelegate.swift */; };
		CEE0B63729505E5D00240361 /* SceneDelegate.swift in Sources */ = {isa = PBXBuildFile; fileRef = CEE0B63629505E5D00240361 /* SceneDelegate.swift */; };
		CEE0B63929505E5D00240361 /* ViewController.swift in Sources */ = {isa = PBXBuildFile; fileRef = CEE0B63829505E5D00240361 /* ViewController.swift */; };
		CEE0B63C29505E5D00240361 /* Main.storyboard in Resources */ = {isa = PBXBuildFile; fileRef = CEE0B63A29505E5D00240361 /* Main.storyboard */; };
		CEE0B63E29505E5F00240361 /* Assets.xcassets in Resources */ = {isa = PBXBuildFile; fileRef = CEE0B63D29505E5F00240361 /* Assets.xcassets */; };
		CEE0B64129505E5F00240361 /* LaunchScreen.storyboard in Resources */ = {isa = PBXBuildFile; fileRef = CEE0B63F29505E5F00240361 /* LaunchScreen.storyboard */; };
		CEE0B6492950609300240361 /* TextFieldView.xib in Resources */ = {isa = PBXBuildFile; fileRef = CEE0B6482950609300240361 /* TextFieldView.xib */; };
		CEE0B64B295067AD00240361 /* TextFieldView.swift in Sources */ = {isa = PBXBuildFile; fileRef = CEE0B64A295067AD00240361 /* TextFieldView.swift */; };
		CEE0B64D2950800700240361 /* IntroduceView.swift in Sources */ = {isa = PBXBuildFile; fileRef = CEE0B64C2950800700240361 /* IntroduceView.swift */; };
		CEE0B64F2950881500240361 /* IntroduceView.xib in Resources */ = {isa = PBXBuildFile; fileRef = CEE0B64E2950881500240361 /* IntroduceView.xib */; };
		CEE0B65B2950A20E00240361 /* RxCocoa in Frameworks */ = {isa = PBXBuildFile; productRef = CEE0B65A2950A20E00240361 /* RxCocoa */; };
		CEE0B65D2950A20E00240361 /* RxSwift in Frameworks */ = {isa = PBXBuildFile; productRef = CEE0B65C2950A20E00240361 /* RxSwift */; };
		CEE0B65F2950B1F600240361 /* WebsiteView.xib in Resources */ = {isa = PBXBuildFile; fileRef = CEE0B65E2950B1F600240361 /* WebsiteView.xib */; };
		CEE0B6612950B2BB00240361 /* WebsiteView.swift in Sources */ = {isa = PBXBuildFile; fileRef = CEE0B6602950B2BB00240361 /* WebsiteView.swift */; };
		CEE0B6642950B8E300240361 /* SnapKit in Frameworks */ = {isa = PBXBuildFile; productRef = CEE0B6632950B8E300240361 /* SnapKit */; };
		CEE0B6662950BA0200240361 /* WebsiteRow.swift in Sources */ = {isa = PBXBuildFile; fileRef = CEE0B6652950BA0200240361 /* WebsiteRow.swift */; };
/* End PBXBuildFile section */

/* Begin PBXFileReference section */
		CED38A1F295185CA003805F0 /* PopupVC.swift */ = {isa = PBXFileReference; lastKnownFileType = sourcecode.swift; path = PopupVC.swift; sourceTree = "<group>"; };
		CED38A20295185CA003805F0 /* PopupVC.xib */ = {isa = PBXFileReference; lastKnownFileType = file.xib; path = PopupVC.xib; sourceTree = "<group>"; };
		CEE0B63129505E5D00240361 /* mypageMisson_CustomView.app */ = {isa = PBXFileReference; explicitFileType = wrapper.application; includeInIndex = 0; path = mypageMisson_CustomView.app; sourceTree = BUILT_PRODUCTS_DIR; };
		CEE0B63429505E5D00240361 /* AppDelegate.swift */ = {isa = PBXFileReference; lastKnownFileType = sourcecode.swift; path = AppDelegate.swift; sourceTree = "<group>"; };
		CEE0B63629505E5D00240361 /* SceneDelegate.swift */ = {isa = PBXFileReference; lastKnownFileType = sourcecode.swift; path = SceneDelegate.swift; sourceTree = "<group>"; };
		CEE0B63829505E5D00240361 /* ViewController.swift */ = {isa = PBXFileReference; lastKnownFileType = sourcecode.swift; path = ViewController.swift; sourceTree = "<group>"; };
		CEE0B63B29505E5D00240361 /* Base */ = {isa = PBXFileReference; lastKnownFileType = file.storyboard; name = Base; path = Base.lproj/Main.storyboard; sourceTree = "<group>"; };
		CEE0B63D29505E5F00240361 /* Assets.xcassets */ = {isa = PBXFileReference; lastKnownFileType = folder.assetcatalog; path = Assets.xcassets; sourceTree = "<group>"; };
		CEE0B64029505E5F00240361 /* Base */ = {isa = PBXFileReference; lastKnownFileType = file.storyboard; name = Base; path = Base.lproj/LaunchScreen.storyboard; sourceTree = "<group>"; };
		CEE0B64229505E5F00240361 /* Info.plist */ = {isa = PBXFileReference; lastKnownFileType = text.plist.xml; path = Info.plist; sourceTree = "<group>"; };
		CEE0B6482950609300240361 /* TextFieldView.xib */ = {isa = PBXFileReference; lastKnownFileType = file.xib; path = TextFieldView.xib; sourceTree = "<group>"; };
		CEE0B64A295067AD00240361 /* TextFieldView.swift */ = {isa = PBXFileReference; lastKnownFileType = sourcecode.swift; path = TextFieldView.swift; sourceTree = "<group>"; };
		CEE0B64C2950800700240361 /* IntroduceView.swift */ = {isa = PBXFileReference; lastKnownFileType = sourcecode.swift; path = IntroduceView.swift; sourceTree = "<group>"; };
		CEE0B64E2950881500240361 /* IntroduceView.xib */ = {isa = PBXFileReference; lastKnownFileType = file.xib; path = IntroduceView.xib; sourceTree = "<group>"; };
		CEE0B6512950968100240361 /* NanumGothicLight.otf */ = {isa = PBXFileReference; lastKnownFileType = file; path = NanumGothicLight.otf; sourceTree = "<group>"; };
		CEE0B6522950968100240361 /* NanumGothic.ttf */ = {isa = PBXFileReference; lastKnownFileType = file; path = NanumGothic.ttf; sourceTree = "<group>"; };
		CEE0B6532950968100240361 /* NanumGothicBold.ttf */ = {isa = PBXFileReference; lastKnownFileType = file; path = NanumGothicBold.ttf; sourceTree = "<group>"; };
		CEE0B6542950968100240361 /* NanumGothic.otf */ = {isa = PBXFileReference; lastKnownFileType = file; path = NanumGothic.otf; sourceTree = "<group>"; };
		CEE0B6552950968100240361 /* NanumGothicLight.ttf */ = {isa = PBXFileReference; lastKnownFileType = file; path = NanumGothicLight.ttf; sourceTree = "<group>"; };
		CEE0B6562950968200240361 /* NanumGothicExtraBold.otf */ = {isa = PBXFileReference; lastKnownFileType = file; path = NanumGothicExtraBold.otf; sourceTree = "<group>"; };
		CEE0B6572950968200240361 /* NanumGothicExtraBold.ttf */ = {isa = PBXFileReference; lastKnownFileType = file; path = NanumGothicExtraBold.ttf; sourceTree = "<group>"; };
		CEE0B6582950968200240361 /* NanumGothicBold.otf */ = {isa = PBXFileReference; lastKnownFileType = file; path = NanumGothicBold.otf; sourceTree = "<group>"; };
		CEE0B65E2950B1F600240361 /* WebsiteView.xib */ = {isa = PBXFileReference; lastKnownFileType = file.xib; path = WebsiteView.xib; sourceTree = "<group>"; };
		CEE0B6602950B2BB00240361 /* WebsiteView.swift */ = {isa = PBXFileReference; lastKnownFileType = sourcecode.swift; path = WebsiteView.swift; sourceTree = "<group>"; };
		CEE0B6652950BA0200240361 /* WebsiteRow.swift */ = {isa = PBXFileReference; lastKnownFileType = sourcecode.swift; path = WebsiteRow.swift; sourceTree = "<group>"; };
/* End PBXFileReference section */

/* Begin PBXFrameworksBuildPhase section */
		CEE0B62E29505E5D00240361 /* Frameworks */ = {
			isa = PBXFrameworksBuildPhase;
			buildActionMask = 2147483647;
			files = (
				CEE0B6642950B8E300240361 /* SnapKit in Frameworks */,
				CEE0B65D2950A20E00240361 /* RxSwift in Frameworks */,
				CEE0B65B2950A20E00240361 /* RxCocoa in Frameworks */,
			);
			runOnlyForDeploymentPostprocessing = 0;
		};
/* End PBXFrameworksBuildPhase section */

/* Begin PBXGroup section */
		CEE0B62829505E5D00240361 = {
			isa = PBXGroup;
			children = (
				CEE0B63329505E5D00240361 /* mypageMisson_CustomView */,
				CEE0B63229505E5D00240361 /* Products */,
			);
			sourceTree = "<group>";
		};
		CEE0B63229505E5D00240361 /* Products */ = {
			isa = PBXGroup;
			children = (
				CEE0B63129505E5D00240361 /* mypageMisson_CustomView.app */,
			);
			name = Products;
			sourceTree = "<group>";
		};
		CEE0B63329505E5D00240361 /* mypageMisson_CustomView */ = {
			isa = PBXGroup;
			children = (
				CEE0B63429505E5D00240361 /* AppDelegate.swift */,
				CEE0B63629505E5D00240361 /* SceneDelegate.swift */,
				CEE0B63829505E5D00240361 /* ViewController.swift */,
				CEE0B63A29505E5D00240361 /* Main.storyboard */,
				CEE0B63D29505E5F00240361 /* Assets.xcassets */,
				CEE0B63F29505E5F00240361 /* LaunchScreen.storyboard */,
				CEE0B64229505E5F00240361 /* Info.plist */,
				CEE0B6502950966F00240361 /* Fonts */,
				CEE0B64A295067AD00240361 /* TextFieldView.swift */,
				CEE0B6482950609300240361 /* TextFieldView.xib */,
				CEE0B64C2950800700240361 /* IntroduceView.swift */,
				CEE0B64E2950881500240361 /* IntroduceView.xib */,
				CEE0B6602950B2BB00240361 /* WebsiteView.swift */,
				CEE0B65E2950B1F600240361 /* WebsiteView.xib */,
				CEE0B6652950BA0200240361 /* WebsiteRow.swift */,
				CED38A1F295185CA003805F0 /* PopupVC.swift */,
				CED38A20295185CA003805F0 /* PopupVC.xib */,
			);
			path = mypageMisson_CustomView;
			sourceTree = "<group>";
		};
		CEE0B6502950966F00240361 /* Fonts */ = {
			isa = PBXGroup;
			children = (
				CEE0B6542950968100240361 /* NanumGothic.otf */,
				CEE0B6522950968100240361 /* NanumGothic.ttf */,
				CEE0B6582950968200240361 /* NanumGothicBold.otf */,
				CEE0B6532950968100240361 /* NanumGothicBold.ttf */,
				CEE0B6562950968200240361 /* NanumGothicExtraBold.otf */,
				CEE0B6572950968200240361 /* NanumGothicExtraBold.ttf */,
				CEE0B6512950968100240361 /* NanumGothicLight.otf */,
				CEE0B6552950968100240361 /* NanumGothicLight.ttf */,
			);
			path = Fonts;
			sourceTree = "<group>";
		};
/* End PBXGroup section */

/* Begin PBXNativeTarget section */
		CEE0B63029505E5D00240361 /* mypageMisson_CustomView */ = {
			isa = PBXNativeTarget;
			buildConfigurationList = CEE0B64529505E5F00240361 /* Build configuration list for PBXNativeTarget "mypageMisson_CustomView" */;
			buildPhases = (
				CEE0B62D29505E5D00240361 /* Sources */,
				CEE0B62E29505E5D00240361 /* Frameworks */,
				CEE0B62F29505E5D00240361 /* Resources */,
			);
			buildRules = (
			);
			dependencies = (
			);
			name = mypageMisson_CustomView;
			packageProductDependencies = (
				CEE0B65A2950A20E00240361 /* RxCocoa */,
				CEE0B65C2950A20E00240361 /* RxSwift */,
				CEE0B6632950B8E300240361 /* SnapKit */,
			);
			productName = mypageMisson_CustomView;
			productReference = CEE0B63129505E5D00240361 /* mypageMisson_CustomView.app */;
			productType = "com.apple.product-type.application";
		};
/* End PBXNativeTarget section */

/* Begin PBXProject section */
		CEE0B62929505E5D00240361 /* Project object */ = {
			isa = PBXProject;
			attributes = {
				BuildIndependentTargetsInParallel = 1;
				LastSwiftUpdateCheck = 1400;
				LastUpgradeCheck = 1400;
				TargetAttributes = {
					CEE0B63029505E5D00240361 = {
						CreatedOnToolsVersion = 14.0;
					};
				};
			};
			buildConfigurationList = CEE0B62C29505E5D00240361 /* Build configuration list for PBXProject "mypageMisson_CustomView" */;
			compatibilityVersion = "Xcode 14.0";
			developmentRegion = en;
			hasScannedForEncodings = 0;
			knownRegions = (
				en,
				Base,
			);
			mainGroup = CEE0B62829505E5D00240361;
			packageReferences = (
				CEE0B6592950A20E00240361 /* XCRemoteSwiftPackageReference "RxSwift" */,
				CEE0B6622950B8E300240361 /* XCRemoteSwiftPackageReference "SnapKit" */,
				CED38A1C29517BF5003805F0 /* XCRemoteSwiftPackageReference "UITextView-Placeholder" */,
			);
			productRefGroup = CEE0B63229505E5D00240361 /* Products */;
			projectDirPath = "";
			projectRoot = "";
			targets = (
				CEE0B63029505E5D00240361 /* mypageMisson_CustomView */,
			);
		};
/* End PBXProject section */

/* Begin PBXResourcesBuildPhase section */
		CEE0B62F29505E5D00240361 /* Resources */ = {
			isa = PBXResourcesBuildPhase;
			buildActionMask = 2147483647;
			files = (
				CED38A22295185CA003805F0 /* PopupVC.xib in Resources */,
				CEE0B64129505E5F00240361 /* LaunchScreen.storyboard in Resources */,
				CEE0B63E29505E5F00240361 /* Assets.xcassets in Resources */,
				CEE0B6492950609300240361 /* TextFieldView.xib in Resources */,
				CEE0B64F2950881500240361 /* IntroduceView.xib in Resources */,
				CEE0B65F2950B1F600240361 /* WebsiteView.xib in Resources */,
				CEE0B63C29505E5D00240361 /* Main.storyboard in Resources */,
			);
			runOnlyForDeploymentPostprocessing = 0;
		};
/* End PBXResourcesBuildPhase section */

/* Begin PBXSourcesBuildPhase section */
		CEE0B62D29505E5D00240361 /* Sources */ = {
			isa = PBXSourcesBuildPhase;
			buildActionMask = 2147483647;
			files = (
				CEE0B64D2950800700240361 /* IntroduceView.swift in Sources */,
				CEE0B63929505E5D00240361 /* ViewController.swift in Sources */,
				CEE0B63529505E5D00240361 /* AppDelegate.swift in Sources */,
				CEE0B64B295067AD00240361 /* TextFieldView.swift in Sources */,
				CEE0B6612950B2BB00240361 /* WebsiteView.swift in Sources */,
				CED38A21295185CA003805F0 /* PopupVC.swift in Sources */,
				CEE0B6662950BA0200240361 /* WebsiteRow.swift in Sources */,
				CEE0B63729505E5D00240361 /* SceneDelegate.swift in Sources */,
			);
			runOnlyForDeploymentPostprocessing = 0;
		};
/* End PBXSourcesBuildPhase section */

/* Begin PBXVariantGroup section */
		CEE0B63A29505E5D00240361 /* Main.storyboard */ = {
			isa = PBXVariantGroup;
			children = (
				CEE0B63B29505E5D00240361 /* Base */,
			);
			name = Main.storyboard;
			sourceTree = "<group>";
		};
		CEE0B63F29505E5F00240361 /* LaunchScreen.storyboard */ = {
			isa = PBXVariantGroup;
			children = (
				CEE0B64029505E5F00240361 /* Base */,
			);
			name = LaunchScreen.storyboard;
			sourceTree = "<group>";
		};
/* End PBXVariantGroup section */

/* Begin XCBuildConfiguration section */
		CEE0B64329505E5F00240361 /* Debug */ = {
			isa = XCBuildConfiguration;
			buildSettings = {
				ALWAYS_SEARCH_USER_PATHS = NO;
				CLANG_ANALYZER_NONNULL = YES;
				CLANG_ANALYZER_NUMBER_OBJECT_CONVERSION = YES_AGGRESSIVE;
				CLANG_CXX_LANGUAGE_STANDARD = "gnu++20";
				CLANG_ENABLE_MODULES = YES;
				CLANG_ENABLE_OBJC_ARC = YES;
				CLANG_ENABLE_OBJC_WEAK = YES;
				CLANG_WARN_BLOCK_CAPTURE_AUTORELEASING = YES;
				CLANG_WARN_BOOL_CONVERSION = YES;
				CLANG_WARN_COMMA = YES;
				CLANG_WARN_CONSTANT_CONVERSION = YES;
				CLANG_WARN_DEPRECATED_OBJC_IMPLEMENTATIONS = YES;
				CLANG_WARN_DIRECT_OBJC_ISA_USAGE = YES_ERROR;
				CLANG_WARN_DOCUMENTATION_COMMENTS = YES;
				CLANG_WARN_EMPTY_BODY = YES;
				CLANG_WARN_ENUM_CONVERSION = YES;
				CLANG_WARN_INFINITE_RECURSION = YES;
				CLANG_WARN_INT_CONVERSION = YES;
				CLANG_WARN_NON_LITERAL_NULL_CONVERSION = YES;
				CLANG_WARN_OBJC_IMPLICIT_RETAIN_SELF = YES;
				CLANG_WARN_OBJC_LITERAL_CONVERSION = YES;
				CLANG_WARN_OBJC_ROOT_CLASS = YES_ERROR;
				CLANG_WARN_QUOTED_INCLUDE_IN_FRAMEWORK_HEADER = YES;
				CLANG_WARN_RANGE_LOOP_ANALYSIS = YES;
				CLANG_WARN_STRICT_PROTOTYPES = YES;
				CLANG_WARN_SUSPICIOUS_MOVE = YES;
				CLANG_WARN_UNGUARDED_AVAILABILITY = YES_AGGRESSIVE;
				CLANG_WARN_UNREACHABLE_CODE = YES;
				CLANG_WARN__DUPLICATE_METHOD_MATCH = YES;
				COPY_PHASE_STRIP = NO;
				DEBUG_INFORMATION_FORMAT = dwarf;
				ENABLE_STRICT_OBJC_MSGSEND = YES;
				ENABLE_TESTABILITY = YES;
				GCC_C_LANGUAGE_STANDARD = gnu11;
				GCC_DYNAMIC_NO_PIC = NO;
				GCC_NO_COMMON_BLOCKS = YES;
				GCC_OPTIMIZATION_LEVEL = 0;
				GCC_PREPROCESSOR_DEFINITIONS = (
					"DEBUG=1",
					"$(inherited)",
				);
				GCC_WARN_64_TO_32_BIT_CONVERSION = YES;
				GCC_WARN_ABOUT_RETURN_TYPE = YES_ERROR;
				GCC_WARN_UNDECLARED_SELECTOR = YES;
				GCC_WARN_UNINITIALIZED_AUTOS = YES_AGGRESSIVE;
				GCC_WARN_UNUSED_FUNCTION = YES;
				GCC_WARN_UNUSED_VARIABLE = YES;
				IPHONEOS_DEPLOYMENT_TARGET = 16.0;
				MTL_ENABLE_DEBUG_INFO = INCLUDE_SOURCE;
				MTL_FAST_MATH = YES;
				ONLY_ACTIVE_ARCH = YES;
				SDKROOT = iphoneos;
				SWIFT_ACTIVE_COMPILATION_CONDITIONS = DEBUG;
				SWIFT_OPTIMIZATION_LEVEL = "-Onone";
			};
			name = Debug;
		};
		CEE0B64429505E5F00240361 /* Release */ = {
			isa = XCBuildConfiguration;
			buildSettings = {
				ALWAYS_SEARCH_USER_PATHS = NO;
				CLANG_ANALYZER_NONNULL = YES;
				CLANG_ANALYZER_NUMBER_OBJECT_CONVERSION = YES_AGGRESSIVE;
				CLANG_CXX_LANGUAGE_STANDARD = "gnu++20";
				CLANG_ENABLE_MODULES = YES;
				CLANG_ENABLE_OBJC_ARC = YES;
				CLANG_ENABLE_OBJC_WEAK = YES;
				CLANG_WARN_BLOCK_CAPTURE_AUTORELEASING = YES;
				CLANG_WARN_BOOL_CONVERSION = YES;
				CLANG_WARN_COMMA = YES;
				CLANG_WARN_CONSTANT_CONVERSION = YES;
				CLANG_WARN_DEPRECATED_OBJC_IMPLEMENTATIONS = YES;
				CLANG_WARN_DIRECT_OBJC_ISA_USAGE = YES_ERROR;
				CLANG_WARN_DOCUMENTATION_COMMENTS = YES;
				CLANG_WARN_EMPTY_BODY = YES;
				CLANG_WARN_ENUM_CONVERSION = YES;
				CLANG_WARN_INFINITE_RECURSION = YES;
				CLANG_WARN_INT_CONVERSION = YES;
				CLANG_WARN_NON_LITERAL_NULL_CONVERSION = YES;
				CLANG_WARN_OBJC_IMPLICIT_RETAIN_SELF = YES;
				CLANG_WARN_OBJC_LITERAL_CONVERSION = YES;
				CLANG_WARN_OBJC_ROOT_CLASS = YES_ERROR;
				CLANG_WARN_QUOTED_INCLUDE_IN_FRAMEWORK_HEADER = YES;
				CLANG_WARN_RANGE_LOOP_ANALYSIS = YES;
				CLANG_WARN_STRICT_PROTOTYPES = YES;
				CLANG_WARN_SUSPICIOUS_MOVE = YES;
				CLANG_WARN_UNGUARDED_AVAILABILITY = YES_AGGRESSIVE;
				CLANG_WARN_UNREACHABLE_CODE = YES;
				CLANG_WARN__DUPLICATE_METHOD_MATCH = YES;
				COPY_PHASE_STRIP = NO;
				DEBUG_INFORMATION_FORMAT = "dwarf-with-dsym";
				ENABLE_NS_ASSERTIONS = NO;
				ENABLE_STRICT_OBJC_MSGSEND = YES;
				GCC_C_LANGUAGE_STANDARD = gnu11;
				GCC_NO_COMMON_BLOCKS = YES;
				GCC_WARN_64_TO_32_BIT_CONVERSION = YES;
				GCC_WARN_ABOUT_RETURN_TYPE = YES_ERROR;
				GCC_WARN_UNDECLARED_SELECTOR = YES;
				GCC_WARN_UNINITIALIZED_AUTOS = YES_AGGRESSIVE;
				GCC_WARN_UNUSED_FUNCTION = YES;
				GCC_WARN_UNUSED_VARIABLE = YES;
				IPHONEOS_DEPLOYMENT_TARGET = 16.0;
				MTL_ENABLE_DEBUG_INFO = NO;
				MTL_FAST_MATH = YES;
				SDKROOT = iphoneos;
				SWIFT_COMPILATION_MODE = wholemodule;
				SWIFT_OPTIMIZATION_LEVEL = "-O";
				VALIDATE_PRODUCT = YES;
			};
			name = Release;
		};
		CEE0B64629505E5F00240361 /* Debug */ = {
			isa = XCBuildConfiguration;
			buildSettings = {
				ASSETCATALOG_COMPILER_APPICON_NAME = AppIcon;
				ASSETCATALOG_COMPILER_GLOBAL_ACCENT_COLOR_NAME = AccentColor;
				CODE_SIGN_STYLE = Automatic;
				CURRENT_PROJECT_VERSION = 1;
				DEVELOPMENT_TEAM = C494SWBQZZ;
				GENERATE_INFOPLIST_FILE = YES;
				INFOPLIST_FILE = mypageMisson_CustomView/Info.plist;
				INFOPLIST_KEY_UIApplicationSupportsIndirectInputEvents = YES;
				INFOPLIST_KEY_UILaunchStoryboardName = LaunchScreen;
				INFOPLIST_KEY_UIMainStoryboardFile = Main;
				INFOPLIST_KEY_UISupportedInterfaceOrientations_iPad = "UIInterfaceOrientationPortrait UIInterfaceOrientationPortraitUpsideDown UIInterfaceOrientationLandscapeLeft UIInterfaceOrientationLandscapeRight";
				INFOPLIST_KEY_UISupportedInterfaceOrientations_iPhone = "UIInterfaceOrientationPortrait UIInterfaceOrientationLandscapeLeft UIInterfaceOrientationLandscapeRight";
				LD_RUNPATH_SEARCH_PATHS = (
					"$(inherited)",
					"@executable_path/Frameworks",
				);
				MARKETING_VERSION = 1.0;
				PRODUCT_BUNDLE_IDENTIFIER = "sh.mypageMisson-CustomView";
				PRODUCT_NAME = "$(TARGET_NAME)";
				SWIFT_EMIT_LOC_STRINGS = YES;
				SWIFT_VERSION = 5.0;
				TARGETED_DEVICE_FAMILY = "1,2";
			};
			name = Debug;
		};
		CEE0B64729505E5F00240361 /* Release */ = {
			isa = XCBuildConfiguration;
			buildSettings = {
				ASSETCATALOG_COMPILER_APPICON_NAME = AppIcon;
				ASSETCATALOG_COMPILER_GLOBAL_ACCENT_COLOR_NAME = AccentColor;
				CODE_SIGN_STYLE = Automatic;
				CURRENT_PROJECT_VERSION = 1;
				DEVELOPMENT_TEAM = C494SWBQZZ;
				GENERATE_INFOPLIST_FILE = YES;
				INFOPLIST_FILE = mypageMisson_CustomView/Info.plist;
				INFOPLIST_KEY_UIApplicationSupportsIndirectInputEvents = YES;
				INFOPLIST_KEY_UILaunchStoryboardName = LaunchScreen;
				INFOPLIST_KEY_UIMainStoryboardFile = Main;
				INFOPLIST_KEY_UISupportedInterfaceOrientations_iPad = "UIInterfaceOrientationPortrait UIInterfaceOrientationPortraitUpsideDown UIInterfaceOrientationLandscapeLeft UIInterfaceOrientationLandscapeRight";
				INFOPLIST_KEY_UISupportedInterfaceOrientations_iPhone = "UIInterfaceOrientationPortrait UIInterfaceOrientationLandscapeLeft UIInterfaceOrientationLandscapeRight";
				LD_RUNPATH_SEARCH_PATHS = (
					"$(inherited)",
					"@executable_path/Frameworks",
				);
				MARKETING_VERSION = 1.0;
				PRODUCT_BUNDLE_IDENTIFIER = "sh.mypageMisson-CustomView";
				PRODUCT_NAME = "$(TARGET_NAME)";
				SWIFT_EMIT_LOC_STRINGS = YES;
				SWIFT_VERSION = 5.0;
				TARGETED_DEVICE_FAMILY = "1,2";
			};
			name = Release;
		};
/* End XCBuildConfiguration section */

/* Begin XCConfigurationList section */
		CEE0B62C29505E5D00240361 /* Build configuration list for PBXProject "mypageMisson_CustomView" */ = {
			isa = XCConfigurationList;
			buildConfigurations = (
				CEE0B64329505E5F00240361 /* Debug */,
				CEE0B64429505E5F00240361 /* Release */,
			);
			defaultConfigurationIsVisible = 0;
			defaultConfigurationName = Release;
		};
		CEE0B64529505E5F00240361 /* Build configuration list for PBXNativeTarget "mypageMisson_CustomView" */ = {
			isa = XCConfigurationList;
			buildConfigurations = (
				CEE0B64629505E5F00240361 /* Debug */,
				CEE0B64729505E5F00240361 /* Release */,
			);
			defaultConfigurationIsVisible = 0;
			defaultConfigurationName = Release;
		};
/* End XCConfigurationList section */

/* Begin XCRemoteSwiftPackageReference section */
		CED38A1C29517BF5003805F0 /* XCRemoteSwiftPackageReference "UITextView-Placeholder" */ = {
			isa = XCRemoteSwiftPackageReference;
			repositoryURL = "https://github.com/devxoul/UITextView-Placeholder.git";
			requirement = {
				kind = upToNextMajorVersion;
				minimumVersion = 1.0.0;
			};
		};
		CEE0B6592950A20E00240361 /* XCRemoteSwiftPackageReference "RxSwift" */ = {
			isa = XCRemoteSwiftPackageReference;
			repositoryURL = "https://github.com/ReactiveX/RxSwift.git";
			requirement = {
				kind = upToNextMajorVersion;
				minimumVersion = 6.0.0;
			};
		};
		CEE0B6622950B8E300240361 /* XCRemoteSwiftPackageReference "SnapKit" */ = {
			isa = XCRemoteSwiftPackageReference;
			repositoryURL = "https://github.com/SnapKit/SnapKit.git";
			requirement = {
				branch = develop;
				kind = branch;
			};
		};
/* End XCRemoteSwiftPackageReference section */

/* Begin XCSwiftPackageProductDependency section */
		CEE0B65A2950A20E00240361 /* RxCocoa */ = {
			isa = XCSwiftPackageProductDependency;
			package = CEE0B6592950A20E00240361 /* XCRemoteSwiftPackageReference "RxSwift" */;
			productName = RxCocoa;
		};
		CEE0B65C2950A20E00240361 /* RxSwift */ = {
			isa = XCSwiftPackageProductDependency;
			package = CEE0B6592950A20E00240361 /* XCRemoteSwiftPackageReference "RxSwift" */;
			productName = RxSwift;
		};
		CEE0B6632950B8E300240361 /* SnapKit */ = {
			isa = XCSwiftPackageProductDependency;
			package = CEE0B6622950B8E300240361 /* XCRemoteSwiftPackageReference "SnapKit" */;
			productName = SnapKit;
		};
/* End XCSwiftPackageProductDependency section */
	};
	rootObject = CEE0B62929505E5D00240361 /* Project object */;
}
